
Microsoft Visual Studio Solution File, Format Version 12.00
# Visual Studio Version 16
VisualStudioVersion = 16.0.29102.190
MinimumVisualStudioVersion = 10.0.40219.1
Project("{9A19103F-16F7-4668-BE54-9A1E7A4F7556}") = "Messages.API", "Messages.API\Messages.API.csproj", "{AA0B4B2E-4F7E-4EF8-BF3A-5AF49BACDF9F}"
EndProject
Project("{9A19103F-16F7-4668-BE54-9A1E7A4F7556}") = "Messages.Application", "Messages.Application\Messages.Application.csproj", "{09DA6123-0382-4C21-91F8-7188F2E5E3DE}"
EndProject
Project("{9A19103F-16F7-4668-BE54-9A1E7A4F7556}") = "Messages.Application.Tests", "Messages.Application.Tests\Messages.Application.Tests.csproj", "{F31B6DDC-B85C-43F1-926B-DC6ABE086030}"
EndProject
Project("{9A19103F-16F7-4668-BE54-9A1E7A4F7556}") = "Messages.Domain", "Messages.Domain\Messages.Domain.csproj", "{3A0F8484-C6E4-44E2-AE6C-57748B328A1B}"
EndProject
Project("{9A19103F-16F7-4668-BE54-9A1E7A4F7556}") = "Messages.Infrastructure", "Messages.Infrastructure\Messages.Infrastructure.csproj", "{67C635EF-9A71-4949-A2B0-56D58B98195B}"
EndProject
Global
	GlobalSection(SolutionConfigurationPlatforms) = preSolution
		Debug|Any CPU = Debug|Any CPU
		Release|Any CPU = Release|Any CPU
	EndGlobalSection
	GlobalSection(ProjectConfigurationPlatforms) = postSolution
		{AA0B4B2E-4F7E-4EF8-BF3A-5AF49BACDF9F}.Debug|Any CPU.ActiveCfg = Debug|Any CPU
		{AA0B4B2E-4F7E-4EF8-BF3A-5AF49BACDF9F}.Debug|Any CPU.Build.0 = Debug|Any CPU
		{AA0B4B2E-4F7E-4EF8-BF3A-5AF49BACDF9F}.Release|Any CPU.ActiveCfg = Release|Any CPU
		{AA0B4B2E-4F7E-4EF8-BF3A-5AF49BACDF9F}.Release|Any CPU.Build.0 = Release|Any CPU
		{09DA6123-0382-4C21-91F8-7188F2E5E3DE}.Debug|Any CPU.ActiveCfg = Debug|Any CPU
		{09DA6123-0382-4C21-91F8-7188F2E5E3DE}.Debug|Any CPU.Build.0 = Debug|Any CPU
		{09DA6123-0382-4C21-91F8-7188F2E5E3DE}.Release|Any CPU.ActiveCfg = Release|Any CPU
		{09DA6123-0382-4C21-91F8-7188F2E5E3DE}.Release|Any CPU.Build.0 = Release|Any CPU
		{F31B6DDC-B85C-43F1-926B-DC6ABE086030}.Debug|Any CPU.ActiveCfg = Debug|Any CPU
		{F31B6DDC-B85C-43F1-926B-DC6ABE086030}.Debug|Any CPU.Build.0 = Debug|Any CPU
		{F31B6DDC-B85C-43F1-926B-DC6ABE086030}.Release|Any CPU.ActiveCfg = Release|Any CPU
		{F31B6DDC-B85C-43F1-926B-DC6ABE086030}.Release|Any CPU.Build.0 = Release|Any CPU
		{3A0F8484-C6E4-44E2-AE6C-57748B328A1B}.Debug|Any CPU.ActiveCfg = Debug|Any CPU
		{3A0F8484-C6E4-44E2-AE6C-57748B328A1B}.Debug|Any CPU.Build.0 = Debug|Any CPU
		{3A0F8484-C6E4-44E2-AE6C-57748B328A1B}.Release|Any CPU.ActiveCfg = Release|Any CPU
		{3A0F8484-C6E4-44E2-AE6C-57748B328A1B}.Release|Any CPU.Build.0 = Release|Any CPU
		{67C635EF-9A71-4949-A2B0-56D58B98195B}.Debug|Any CPU.ActiveCfg = Debug|Any CPU
		{67C635EF-9A71-4949-A2B0-56D58B98195B}.Debug|Any CPU.Build.0 = Debug|Any CPU
		{67C635EF-9A71-4949-A2B0-56D58B98195B}.Release|Any CPU.ActiveCfg = Release|Any CPU
		{67C635EF-9A71-4949-A2B0-56D58B98195B}.Release|Any CPU.Build.0 = Release|Any CPU
	EndGlobalSection
	GlobalSection(SolutionProperties) = preSolution
		HideSolutionNode = FALSE
	EndGlobalSection
	GlobalSection(ExtensibilityGlobals) = postSolution
		SolutionGuid = {0C2C1ED5-3A33-41F2-8383-1DCA7E2A5EB6}
	EndGlobalSection
EndGlobal
